Microsoft Visual Studio Solution File, Format Version 12.00
# Visual Studio Version 17
VisualStudioVersion = 17.5.2.0
MinimumVisualStudioVersion = 10.0.40219.1
Project("{FAE04EC0-301F-11D3-BF4B-00C04F79EFBC}") = "lista-de-comprasAPI", "lista-de-comprasAPI.csproj", "{C1C11187-5874-369E-DBE1-D40D3244978D}"
EndProject
Global
	GlobalSection(SolutionConfigurationPlatforms) = preSolution
		Debug|Any CPU = Debug|Any CPU
		Release|Any CPU = Release|Any CPU
	EndGlobalSection
	GlobalSection(ProjectConfigurationPlatforms) = postSolution
		{C1C11187-5874-369E-DBE1-D40D3244978D}.Debug|Any CPU.ActiveCfg = Debug|Any CPU
		{C1C11187-5874-369E-DBE1-D40D3244978D}.Debug|Any CPU.Build.0 = Debug|Any CPU
		{C1C11187-5874-369E-DBE1-D40D3244978D}.Release|Any CPU.ActiveCfg = Release|Any CPU
		{C1C11187-5874-369E-DBE1-D40D3244978D}.Release|Any CPU.Build.0 = Release|Any CPU
	EndGlobalSection
	GlobalSection(SolutionProperties) = preSolution
		HideSolutionNode = FALSE
	EndGlobalSection
	GlobalSection(ExtensibilityGlobals) = postSolution
		SolutionGuid = {BE8E6F50-6DB8-4E57-B705-961425FF52B1}
	EndGlobalSection
EndGlobal
